// !$*UTF8*$!
{
	archiveVersion = 1;
	classes = {
	};
	objectVersion = 56;
	objects = {

/* Begin PBXBuildFile section */
		87C160192C307ACB006B7752 /* AppDelegate.swift in Sources */ = {isa = PBXBuildFile; fileRef = 87C160182C307ACB006B7752 /* AppDelegate.swift */; };
		87C1601B2C307ACB006B7752 /* SceneDelegate.swift in Sources */ = {isa = PBXBuildFile; fileRef = 87C1601A2C307ACB006B7752 /* SceneDelegate.swift */; };
		87C1601D2C307ACB006B7752 /* MainTabBarViewController.swift in Sources */ = {isa = PBXBuildFile; fileRef = 87C1601C2C307ACB006B7752 /* MainTabBarViewController.swift */; };
		87C160222C307ACC006B7752 /* Assets.xcassets in Resources */ = {isa = PBXBuildFile; fileRef = 87C160212C307ACC006B7752 /* Assets.xcassets */; };
		87C160252C307ACC006B7752 /* Base in Resources */ = {isa = PBXBuildFile; fileRef = 87C160242C307ACC006B7752 /* Base */; };
		87C1602E2C307DC2006B7752 /* HomeViewController.swift in Sources */ = {isa = PBXBuildFile; fileRef = 87C1602D2C307DC2006B7752 /* HomeViewController.swift */; };
		87C160302C307DF7006B7752 /* UpcomingViewController.swift in Sources */ = {isa = PBXBuildFile; fileRef = 87C1602F2C307DF7006B7752 /* UpcomingViewController.swift */; };
		87C160322C307E24006B7752 /* SearchViewController.swift in Sources */ = {isa = PBXBuildFile; fileRef = 87C160312C307E24006B7752 /* SearchViewController.swift */; };
		87C160342C307E9E006B7752 /* DownloadViewController.swift in Sources */ = {isa = PBXBuildFile; fileRef = 87C160332C307E9E006B7752 /* DownloadViewController.swift */; };
		87C1603B2C3086A6006B7752 /* CollectionViewTableViewCell.swift in Sources */ = {isa = PBXBuildFile; fileRef = 87C1603A2C3086A6006B7752 /* CollectionViewTableViewCell.swift */; };
		87C1603D2C308C0C006B7752 /* HeroHeaderUIView.swift in Sources */ = {isa = PBXBuildFile; fileRef = 87C1603C2C308C0C006B7752 /* HeroHeaderUIView.swift */; };
		87C1603F2C309A6F006B7752 /* APICaller.swift in Sources */ = {isa = PBXBuildFile; fileRef = 87C1603E2C309A6F006B7752 /* APICaller.swift */; };
		87C160412C309E5D006B7752 /* Title.swift in Sources */ = {isa = PBXBuildFile; fileRef = 87C160402C309E5D006B7752 /* Title.swift */; };
		87C160432C30A1B4006B7752 /* Extensions.swift in Sources */ = {isa = PBXBuildFile; fileRef = 87C160422C30A1B4006B7752 /* Extensions.swift */; };
		87C160472C30A72F006B7752 /* TitleCollectionViewCell.swift in Sources */ = {isa = PBXBuildFile; fileRef = 87C160462C30A72F006B7752 /* TitleCollectionViewCell.swift */; };
		87C1604A2C30A8E4006B7752 /* SDWebImage in Frameworks */ = {isa = PBXBuildFile; productRef = 87C160492C30A8E4006B7752 /* SDWebImage */; };
		87C1604C2C30A8E4006B7752 /* SDWebImageMapKit in Frameworks */ = {isa = PBXBuildFile; productRef = 87C1604B2C30A8E4006B7752 /* SDWebImageMapKit */; };
		87C1604E2C30FE19006B7752 /* TitleTableViewCell.swift in Sources */ = {isa = PBXBuildFile; fileRef = 87C1604D2C30FE19006B7752 /* TitleTableViewCell.swift */; };
		87C160502C310110006B7752 /* TitleViewModel.swift in Sources */ = {isa = PBXBuildFile; fileRef = 87C1604F2C310110006B7752 /* TitleViewModel.swift */; };
		87C160522C31121C006B7752 /* SearchResultsViewController.swift in Sources */ = {isa = PBXBuildFile; fileRef = 87C160512C31121C006B7752 /* SearchResultsViewController.swift */; };
		87C160562C314360006B7752 /* YoutubeSearchResponse.swift in Sources */ = {isa = PBXBuildFile; fileRef = 87C160552C314360006B7752 /* YoutubeSearchResponse.swift */; };
		87C160582C3146BE006B7752 /* TitlePreviewViewController.swift in Sources */ = {isa = PBXBuildFile; fileRef = 87C160572C3146BE006B7752 /* TitlePreviewViewController.swift */; };
		87C1605A2C3149F4006B7752 /* TitlePreviewViewModel.swift in Sources */ = {isa = PBXBuildFile; fileRef = 87C160592C3149F4006B7752 /* TitlePreviewViewModel.swift */; };
		87C160802C32B5DE006B7752 /* NetflixCloneModel.xcdatamodeld in Sources */ = {isa = PBXBuildFile; fileRef = 87C1607E2C32B5DE006B7752 /* NetflixCloneModel.xcdatamodeld */; };
		87C160822C32B86B006B7752 /* DataPersistenceManager.swift in Sources */ = {isa = PBXBuildFile; fileRef = 87C160812C32B86B006B7752 /* DataPersistenceManager.swift */; };
/* End PBXBuildFile section */

/* Begin PBXFileReference section */
		87C160152C307ACB006B7752 /* Netflix Clone.app */ = {isa = PBXFileReference; explicitFileType = wrapper.application; includeInIndex = 0; path = "Netflix Clone.app"; sourceTree = BUILT_PRODUCTS_DIR; };
		87C160182C307ACB006B7752 /* AppDelegate.swift */ = {isa = PBXFileReference; lastKnownFileType = sourcecode.swift; path = AppDelegate.swift; sourceTree = "<group>"; };
		87C1601A2C307ACB006B7752 /* SceneDelegate.swift */ = {isa = PBXFileReference; lastKnownFileType = sourcecode.swift; path = SceneDelegate.swift; sourceTree = "<group>"; };
		87C1601C2C307ACB006B7752 /* MainTabBarViewController.swift */ = {isa = PBXFileReference; lastKnownFileType = sourcecode.swift; path = MainTabBarViewController.swift; sourceTree = "<group>"; };
		87C160212C307ACC006B7752 /* Assets.xcassets */ = {isa = PBXFileReference; lastKnownFileType = folder.assetcatalog; path = Assets.xcassets; sourceTree = "<group>"; };
		87C160242C307ACC006B7752 /* Base */ = {isa = PBXFileReference; lastKnownFileType = file.storyboard; name = Base; path = Base.lproj/LaunchScreen.storyboard; sourceTree = "<group>"; };
		87C160262C307ACC006B7752 /* Info.plist */ = {isa = PBXFileReference; lastKnownFileType = text.plist.xml; path = Info.plist; sourceTree = "<group>"; };
		87C1602D2C307DC2006B7752 /* HomeViewController.swift */ = {isa = PBXFileReference; lastKnownFileType = sourcecode.swift; path = HomeViewController.swift; sourceTree = "<group>"; };
		87C1602F2C307DF7006B7752 /* UpcomingViewController.swift */ = {isa = PBXFileReference; lastKnownFileType = sourcecode.swift; path = UpcomingViewController.swift; sourceTree = "<group>"; };
		87C160312C307E24006B7752 /* SearchViewController.swift */ = {isa = PBXFileReference; lastKnownFileType = sourcecode.swift; path = SearchViewController.swift; sourceTree = "<group>"; };
		87C160332C307E9E006B7752 /* DownloadViewController.swift */ = {isa = PBXFileReference; lastKnownFileType = sourcecode.swift; path = DownloadViewController.swift; sourceTree = "<group>"; };
		87C1603A2C3086A6006B7752 /* CollectionViewTableViewCell.swift */ = {isa = PBXFileReference; lastKnownFileType = sourcecode.swift; path = CollectionViewTableViewCell.swift; sourceTree = "<group>"; };
		87C1603C2C308C0C006B7752 /* HeroHeaderUIView.swift */ = {isa = PBXFileReference; lastKnownFileType = sourcecode.swift; path = HeroHeaderUIView.swift; sourceTree = "<group>"; };
		87C1603E2C309A6F006B7752 /* APICaller.swift */ = {isa = PBXFileReference; lastKnownFileType = sourcecode.swift; path = APICaller.swift; sourceTree = "<group>"; };
		87C160402C309E5D006B7752 /* Title.swift */ = {isa = PBXFileReference; lastKnownFileType = sourcecode.swift; path = Title.swift; sourceTree = "<group>"; };
		87C160422C30A1B4006B7752 /* Extensions.swift */ = {isa = PBXFileReference; lastKnownFileType = sourcecode.swift; path = Extensions.swift; sourceTree = "<group>"; };
		87C160462C30A72F006B7752 /* TitleCollectionViewCell.swift */ = {isa = PBXFileReference; lastKnownFileType = sourcecode.swift; path = TitleCollectionViewCell.swift; sourceTree = "<group>"; };
		87C1604D2C30FE19006B7752 /* TitleTableViewCell.swift */ = {isa = PBXFileReference; lastKnownFileType = sourcecode.swift; path = TitleTableViewCell.swift; sourceTree = "<group>"; };
		87C1604F2C310110006B7752 /* TitleViewModel.swift */ = {isa = PBXFileReference; lastKnownFileType = sourcecode.swift; path = TitleViewModel.swift; sourceTree = "<group>"; };
		87C160512C31121C006B7752 /* SearchResultsViewController.swift */ = {isa = PBXFileReference; lastKnownFileType = sourcecode.swift; path = SearchResultsViewController.swift; sourceTree = "<group>"; };
		87C160552C314360006B7752 /* YoutubeSearchResponse.swift */ = {isa = PBXFileReference; lastKnownFileType = sourcecode.swift; path = YoutubeSearchResponse.swift; sourceTree = "<group>"; };
		87C160572C3146BE006B7752 /* TitlePreviewViewController.swift */ = {isa = PBXFileReference; lastKnownFileType = sourcecode.swift; path = TitlePreviewViewController.swift; sourceTree = "<group>"; };
		87C160592C3149F4006B7752 /* TitlePreviewViewModel.swift */ = {isa = PBXFileReference; lastKnownFileType = sourcecode.swift; path = TitlePreviewViewModel.swift; sourceTree = "<group>"; };
		87C1607F2C32B5DE006B7752 /* NetflixCloneModel.xcdatamodel */ = {isa = PBXFileReference; lastKnownFileType = wrapper.xcdatamodel; path = NetflixCloneModel.xcdatamodel; sourceTree = "<group>"; };
		87C160812C32B86B006B7752 /* DataPersistenceManager.swift */ = {isa = PBXFileReference; lastKnownFileType = sourcecode.swift; path = DataPersistenceManager.swift; sourceTree = "<group>"; };
/* End PBXFileReference section */

/* Begin PBXFrameworksBuildPhase section */
		87C160122C307ACB006B7752 /* Frameworks */ = {
			isa = PBXFrameworksBuildPhase;
			buildActionMask = 2147483647;
			files = (
				87C1604C2C30A8E4006B7752 /* SDWebImageMapKit in Frameworks */,
				87C1604A2C30A8E4006B7752 /* SDWebImage in Frameworks */,
			);
			runOnlyForDeploymentPostprocessing = 0;
		};
/* End PBXFrameworksBuildPhase section */

/* Begin PBXGroup section */
		87C1600C2C307ACB006B7752 = {
			isa = PBXGroup;
			children = (
				87C160172C307ACB006B7752 /* Netflix Clone */,
				87C160162C307ACB006B7752 /* Products */,
			);
			sourceTree = "<group>";
		};
		87C160162C307ACB006B7752 /* Products */ = {
			isa = PBXGroup;
			children = (
				87C160152C307ACB006B7752 /* Netflix Clone.app */,
			);
			name = Products;
			sourceTree = "<group>";
		};
		87C160172C307ACB006B7752 /* Netflix Clone */ = {
			isa = PBXGroup;
			children = (
				87C160392C30866E006B7752 /* Managers */,
				87C160382C30865A006B7752 /* Resources */,
				87C160352C308628006B7752 /* Models */,
				87C160362C308630006B7752 /* Views */,
				87C160372C30863A006B7752 /* ViewModels */,
				87C1602C2C307C12006B7752 /* Controllers */,
				87C160182C307ACB006B7752 /* AppDelegate.swift */,
				87C1601A2C307ACB006B7752 /* SceneDelegate.swift */,
				87C160212C307ACC006B7752 /* Assets.xcassets */,
				87C160232C307ACC006B7752 /* LaunchScreen.storyboard */,
				87C160262C307ACC006B7752 /* Info.plist */,
				87C1607E2C32B5DE006B7752 /* NetflixCloneModel.xcdatamodeld */,
			);
			path = "Netflix Clone";
			sourceTree = "<group>";
		};
		87C1602C2C307C12006B7752 /* Controllers */ = {
			isa = PBXGroup;
			children = (
				87C160542C311260006B7752 /* General */,
				87C160532C31124C006B7752 /* Core */,
			);
			path = Controllers;
			sourceTree = "<group>";
		};
		87C160352C308628006B7752 /* Models */ = {
			isa = PBXGroup;
			children = (
				87C160402C309E5D006B7752 /* Title.swift */,
				87C160552C314360006B7752 /* YoutubeSearchResponse.swift */,
			);
			path = Models;
			sourceTree = "<group>";
		};
		87C160362C308630006B7752 /* Views */ = {
			isa = PBXGroup;
			children = (
				87C1603A2C3086A6006B7752 /* CollectionViewTableViewCell.swift */,
				87C1603C2C308C0C006B7752 /* HeroHeaderUIView.swift */,
				87C160462C30A72F006B7752 /* TitleCollectionViewCell.swift */,
				87C1604D2C30FE19006B7752 /* TitleTableViewCell.swift */,
			);
			path = Views;
			sourceTree = "<group>";
		};
		87C160372C30863A006B7752 /* ViewModels */ = {
			isa = PBXGroup;
			children = (
				87C1604F2C310110006B7752 /* TitleViewModel.swift */,
				87C160592C3149F4006B7752 /* TitlePreviewViewModel.swift */,
			);
			path = ViewModels;
			sourceTree = "<group>";
		};
		87C160382C30865A006B7752 /* Resources */ = {
			isa = PBXGroup;
			children = (
				87C160422C30A1B4006B7752 /* Extensions.swift */,
			);
			path = Resources;
			sourceTree = "<group>";
		};
		87C160392C30866E006B7752 /* Managers */ = {
			isa = PBXGroup;
			children = (
				87C1603E2C309A6F006B7752 /* APICaller.swift */,
				87C160812C32B86B006B7752 /* DataPersistenceManager.swift */,
			);
			path = Managers;
			sourceTree = "<group>";
		};
		87C160532C31124C006B7752 /* Core */ = {
			isa = PBXGroup;
			children = (
				87C1602D2C307DC2006B7752 /* HomeViewController.swift */,
				87C1602F2C307DF7006B7752 /* UpcomingViewController.swift */,
				87C160312C307E24006B7752 /* SearchViewController.swift */,
				87C160332C307E9E006B7752 /* DownloadViewController.swift */,
				87C1601C2C307ACB006B7752 /* MainTabBarViewController.swift */,
			);
			path = Core;
			sourceTree = "<group>";
		};
		87C160542C311260006B7752 /* General */ = {
			isa = PBXGroup;
			children = (
				87C160512C31121C006B7752 /* SearchResultsViewController.swift */,
				87C160572C3146BE006B7752 /* TitlePreviewViewController.swift */,
			);
			path = General;
			sourceTree = "<group>";
		};
/* End PBXGroup section */

/* Begin PBXNativeTarget section */
		87C160142C307ACB006B7752 /* Netflix Clone */ = {
			isa = PBXNativeTarget;
			buildConfigurationList = 87C160292C307ACC006B7752 /* Build configuration list for PBXNativeTarget "Netflix Clone" */;
			buildPhases = (
				87C160112C307ACB006B7752 /* Sources */,
				87C160122C307ACB006B7752 /* Frameworks */,
				87C160132C307ACB006B7752 /* Resources */,
			);
			buildRules = (
			);
			dependencies = (
			);
			name = "Netflix Clone";
			packageProductDependencies = (
				87C160492C30A8E4006B7752 /* SDWebImage */,
				87C1604B2C30A8E4006B7752 /* SDWebImageMapKit */,
			);
			productName = "Netflix Clone";
			productReference = 87C160152C307ACB006B7752 /* Netflix Clone.app */;
			productType = "com.apple.product-type.application";
		};
/* End PBXNativeTarget section */

/* Begin PBXProject section */
		87C1600D2C307ACB006B7752 /* Project object */ = {
			isa = PBXProject;
			attributes = {
				BuildIndependentTargetsInParallel = 1;
				LastSwiftUpdateCheck = 1530;
				LastUpgradeCheck = 1530;
				TargetAttributes = {
					87C160142C307ACB006B7752 = {
						CreatedOnToolsVersion = 15.3;
					};
				};
			};
			buildConfigurationList = 87C160102C307ACB006B7752 /* Build configuration list for PBXProject "Netflix Clone" */;
			compatibilityVersion = "Xcode 14.0";
			developmentRegion = en;
			hasScannedForEncodings = 0;
			knownRegions = (
				en,
				Base,
			);
			mainGroup = 87C1600C2C307ACB006B7752;
			packageReferences = (
				87C160482C30A8E4006B7752 /* XCRemoteSwiftPackageReference "SDWebImage" */,
			);
			productRefGroup = 87C160162C307ACB006B7752 /* Products */;
			projectDirPath = "";
			projectRoot = "";
			targets = (
				87C160142C307ACB006B7752 /* Netflix Clone */,
			);
		};
/* End PBXProject section */

/* Begin PBXResourcesBuildPhase section */
		87C160132C307ACB006B7752 /* Resources */ = {
			isa = PBXResourcesBuildPhase;
			buildActionMask = 2147483647;
			files = (
				87C160222C307ACC006B7752 /* Assets.xcassets in Resources */,
				87C160252C307ACC006B7752 /* Base in Resources */,
			);
			runOnlyForDeploymentPostprocessing = 0;
		};
/* End PBXResourcesBuildPhase section */

/* Begin PBXSourcesBuildPhase section */
		87C160112C307ACB006B7752 /* Sources */ = {
			isa = PBXSourcesBuildPhase;
			buildActionMask = 2147483647;
			files = (
				87C1604E2C30FE19006B7752 /* TitleTableViewCell.swift in Sources */,
				87C160322C307E24006B7752 /* SearchViewController.swift in Sources */,
				87C1601D2C307ACB006B7752 /* MainTabBarViewController.swift in Sources */,
				87C160822C32B86B006B7752 /* DataPersistenceManager.swift in Sources */,
				87C1603B2C3086A6006B7752 /* CollectionViewTableViewCell.swift in Sources */,
				87C1603F2C309A6F006B7752 /* APICaller.swift in Sources */,
				87C1603D2C308C0C006B7752 /* HeroHeaderUIView.swift in Sources */,
				87C160802C32B5DE006B7752 /* NetflixCloneModel.xcdatamodeld in Sources */,
				87C160192C307ACB006B7752 /* AppDelegate.swift in Sources */,
				87C160342C307E9E006B7752 /* DownloadViewController.swift in Sources */,
				87C160472C30A72F006B7752 /* TitleCollectionViewCell.swift in Sources */,
				87C160522C31121C006B7752 /* SearchResultsViewController.swift in Sources */,
				87C160432C30A1B4006B7752 /* Extensions.swift in Sources */,
				87C160562C314360006B7752 /* YoutubeSearchResponse.swift in Sources */,
				87C1601B2C307ACB006B7752 /* SceneDelegate.swift in Sources */,
				87C1605A2C3149F4006B7752 /* TitlePreviewViewModel.swift in Sources */,
				87C160302C307DF7006B7752 /* UpcomingViewController.swift in Sources */,
				87C160582C3146BE006B7752 /* TitlePreviewViewController.swift in Sources */,
				87C160412C309E5D006B7752 /* Title.swift in Sources */,
				87C1602E2C307DC2006B7752 /* HomeViewController.swift in Sources */,
				87C160502C310110006B7752 /* TitleViewModel.swift in Sources */,
			);
			runOnlyForDeploymentPostprocessing = 0;
		};
/* End PBXSourcesBuildPhase section */

/* Begin PBXVariantGroup section */
		87C160232C307ACC006B7752 /* LaunchScreen.storyboard */ = {
			isa = PBXVariantGroup;
			children = (
				87C160242C307ACC006B7752 /* Base */,
			);
			name = LaunchScreen.storyboard;
			sourceTree = "<group>";
		};
/* End PBXVariantGroup section */

/* Begin XCBuildConfiguration section */
		87C160272C307ACC006B7752 /* Debug */ = {
			isa = XCBuildConfiguration;
			buildSettings = {
				ALWAYS_SEARCH_USER_PATHS = NO;
				ASSETCATALOG_COMPILER_GENERATE_SWIFT_ASSET_SYMBOL_EXTENSIONS = YES;
				CLANG_ANALYZER_NONNULL = YES;
				CLANG_ANALYZER_NUMBER_OBJECT_CONVERSION = YES_AGGRESSIVE;
				CLANG_CXX_LANGUAGE_STANDARD = "gnu++20";
				CLANG_ENABLE_MODULES = YES;
				CLANG_ENABLE_OBJC_ARC = YES;
				CLANG_ENABLE_OBJC_WEAK = YES;
				CLANG_WARN_BLOCK_CAPTURE_AUTORELEASING = YES;
				CLANG_WARN_BOOL_CONVERSION = YES;
				CLANG_WARN_COMMA = YES;
				CLANG_WARN_CONSTANT_CONVERSION = YES;
				CLANG_WARN_DEPRECATED_OBJC_IMPLEMENTATIONS = YES;
				CLANG_WARN_DIRECT_OBJC_ISA_USAGE = YES_ERROR;
				CLANG_WARN_DOCUMENTATION_COMMENTS = YES;
				CLANG_WARN_EMPTY_BODY = YES;
				CLANG_WARN_ENUM_CONVERSION = YES;
				CLANG_WARN_INFINITE_RECURSION = YES;
				CLANG_WARN_INT_CONVERSION = YES;
				CLANG_WARN_NON_LITERAL_NULL_CONVERSION = YES;
				CLANG_WARN_OBJC_IMPLICIT_RETAIN_SELF = YES;
				CLANG_WARN_OBJC_LITERAL_CONVERSION = YES;
				CLANG_WARN_OBJC_ROOT_CLASS = YES_ERROR;
				CLANG_WARN_QUOTED_INCLUDE_IN_FRAMEWORK_HEADER = YES;
				CLANG_WARN_RANGE_LOOP_ANALYSIS = YES;
				CLANG_WARN_STRICT_PROTOTYPES = YES;
				CLANG_WARN_SUSPICIOUS_MOVE = YES;
				CLANG_WARN_UNGUARDED_AVAILABILITY = YES_AGGRESSIVE;
				CLANG_WARN_UNREACHABLE_CODE = YES;
				CLANG_WARN__DUPLICATE_METHOD_MATCH = YES;
				COPY_PHASE_STRIP = NO;
				DEBUG_INFORMATION_FORMAT = dwarf;
				ENABLE_STRICT_OBJC_MSGSEND = YES;
				ENABLE_TESTABILITY = YES;
				ENABLE_USER_SCRIPT_SANDBOXING = YES;
				GCC_C_LANGUAGE_STANDARD = gnu17;
				GCC_DYNAMIC_NO_PIC = NO;
				GCC_NO_COMMON_BLOCKS = YES;
				GCC_OPTIMIZATION_LEVEL = 0;
				GCC_PREPROCESSOR_DEFINITIONS = (
					"DEBUG=1",
					"$(inherited)",
				);
				GCC_WARN_64_TO_32_BIT_CONVERSION = YES;
				GCC_WARN_ABOUT_RETURN_TYPE = YES_ERROR;
				GCC_WARN_UNDECLARED_SELECTOR = YES;
				GCC_WARN_UNINITIALIZED_AUTOS = YES_AGGRESSIVE;
				GCC_WARN_UNUSED_FUNCTION = YES;
				GCC_WARN_UNUSED_VARIABLE = YES;
				IPHONEOS_DEPLOYMENT_TARGET = 17.4;
				LOCALIZATION_PREFERS_STRING_CATALOGS = YES;
				MTL_ENABLE_DEBUG_INFO = INCLUDE_SOURCE;
				MTL_FAST_MATH = YES;
				ONLY_ACTIVE_ARCH = YES;
				SDKROOT = iphoneos;
				SWIFT_ACTIVE_COMPILATION_CONDITIONS = "DEBUG $(inherited)";
				SWIFT_OPTIMIZATION_LEVEL = "-Onone";
			};
			name = Debug;
		};
		87C160282C307ACC006B7752 /* Release */ = {
			isa = XCBuildConfiguration;
			buildSettings = {
				ALWAYS_SEARCH_USER_PATHS = NO;
				ASSETCATALOG_COMPILER_GENERATE_SWIFT_ASSET_SYMBOL_EXTENSIONS = YES;
				CLANG_ANALYZER_NONNULL = YES;
				CLANG_ANALYZER_NUMBER_OBJECT_CONVERSION = YES_AGGRESSIVE;
				CLANG_CXX_LANGUAGE_STANDARD = "gnu++20";
				CLANG_ENABLE_MODULES = YES;
				CLANG_ENABLE_OBJC_ARC = YES;
				CLANG_ENABLE_OBJC_WEAK = YES;
				CLANG_WARN_BLOCK_CAPTURE_AUTORELEASING = YES;
				CLANG_WARN_BOOL_CONVERSION = YES;
				CLANG_WARN_COMMA = YES;
				CLANG_WARN_CONSTANT_CONVERSION = YES;
				CLANG_WARN_DEPRECATED_OBJC_IMPLEMENTATIONS = YES;
				CLANG_WARN_DIRECT_OBJC_ISA_USAGE = YES_ERROR;
				CLANG_WARN_DOCUMENTATION_COMMENTS = YES;
				CLANG_WARN_EMPTY_BODY = YES;
				CLANG_WARN_ENUM_CONVERSION = YES;
				CLANG_WARN_INFINITE_RECURSION = YES;
				CLANG_WARN_INT_CONVERSION = YES;
				CLANG_WARN_NON_LITERAL_NULL_CONVERSION = YES;
				CLANG_WARN_OBJC_IMPLICIT_RETAIN_SELF = YES;
				CLANG_WARN_OBJC_LITERAL_CONVERSION = YES;
				CLANG_WARN_OBJC_ROOT_CLASS = YES_ERROR;
				CLANG_WARN_QUOTED_INCLUDE_IN_FRAMEWORK_HEADER = YES;
				CLANG_WARN_RANGE_LOOP_ANALYSIS = YES;
				CLANG_WARN_STRICT_PROTOTYPES = YES;
				CLANG_WARN_SUSPICIOUS_MOVE = YES;
				CLANG_WARN_UNGUARDED_AVAILABILITY = YES_AGGRESSIVE;
				CLANG_WARN_UNREACHABLE_CODE = YES;
				CLANG_WARN__DUPLICATE_METHOD_MATCH = YES;
				COPY_PHASE_STRIP = NO;
				DEBUG_INFORMATION_FORMAT = "dwarf-with-dsym";
				ENABLE_NS_ASSERTIONS = NO;
				ENABLE_STRICT_OBJC_MSGSEND = YES;
				ENABLE_USER_SCRIPT_SANDBOXING = YES;
				GCC_C_LANGUAGE_STANDARD = gnu17;
				GCC_NO_COMMON_BLOCKS = YES;
				GCC_WARN_64_TO_32_BIT_CONVERSION = YES;
				GCC_WARN_ABOUT_RETURN_TYPE = YES_ERROR;
				GCC_WARN_UNDECLARED_SELECTOR = YES;
				GCC_WARN_UNINITIALIZED_AUTOS = YES_AGGRESSIVE;
				GCC_WARN_UNUSED_FUNCTION = YES;
				GCC_WARN_UNUSED_VARIABLE = YES;
				IPHONEOS_DEPLOYMENT_TARGET = 17.4;
				LOCALIZATION_PREFERS_STRING_CATALOGS = YES;
				MTL_ENABLE_DEBUG_INFO = NO;
				MTL_FAST_MATH = YES;
				SDKROOT = iphoneos;
				SWIFT_COMPILATION_MODE = wholemodule;
				VALIDATE_PRODUCT = YES;
			};
			name = Release;
		};
		87C1602A2C307ACC006B7752 /* Debug */ = {
			isa = XCBuildConfiguration;
			buildSettings = {
				ASSETCATALOG_COMPILER_APPICON_NAME = AppIcon;
				ASSETCATALOG_COMPILER_GLOBAL_ACCENT_COLOR_NAME = AccentColor;
				CODE_SIGN_STYLE = Automatic;
				CURRENT_PROJECT_VERSION = 1;
				DEVELOPMENT_TEAM = N6M78ZRJAB;
				GENERATE_INFOPLIST_FILE = YES;
				INFOPLIST_FILE = "Netflix Clone/Info.plist";
				INFOPLIST_KEY_UIApplicationSupportsIndirectInputEvents = YES;
				INFOPLIST_KEY_UILaunchStoryboardName = LaunchScreen;
				INFOPLIST_KEY_UISupportedInterfaceOrientations_iPad = "UIInterfaceOrientationPortrait UIInterfaceOrientationPortraitUpsideDown UIInterfaceOrientationLandscapeLeft UIInterfaceOrientationLandscapeRight";
				INFOPLIST_KEY_UISupportedInterfaceOrientations_iPhone = "UIInterfaceOrientationPortrait UIInterfaceOrientationLandscapeLeft UIInterfaceOrientationLandscapeRight";
				IPHONEOS_DEPLOYMENT_TARGET = 13.0;
				LD_RUNPATH_SEARCH_PATHS = (
					"$(inherited)",
					"@executable_path/Frameworks",
				);
				MARKETING_VERSION = 1.0;
				PRODUCT_BUNDLE_IDENTIFIER = "ntp.Netflix-Clone";
				PRODUCT_NAME = "$(TARGET_NAME)";
				SWIFT_EMIT_LOC_STRINGS = YES;
				SWIFT_VERSION = 5.0;
				TARGETED_DEVICE_FAMILY = "1,2";
			};
			name = Debug;
		};
		87C1602B2C307ACC006B7752 /* Release */ = {
			isa = XCBuildConfiguration;
			buildSettings = {
				ASSETCATALOG_COMPILER_APPICON_NAME = AppIcon;
				ASSETCATALOG_COMPILER_GLOBAL_ACCENT_COLOR_NAME = AccentColor;
				CODE_SIGN_STYLE = Automatic;
				CURRENT_PROJECT_VERSION = 1;
				DEVELOPMENT_TEAM = N6M78ZRJAB;
				GENERATE_INFOPLIST_FILE = YES;
				INFOPLIST_FILE = "Netflix Clone/Info.plist";
				INFOPLIST_KEY_UIApplicationSupportsIndirectInputEvents = YES;
				INFOPLIST_KEY_UILaunchStoryboardName = LaunchScreen;
				INFOPLIST_KEY_UISupportedInterfaceOrientations_iPad = "UIInterfaceOrientationPortrait UIInterfaceOrientationPortraitUpsideDown UIInterfaceOrientationLandscapeLeft UIInterfaceOrientationLandscapeRight";
				INFOPLIST_KEY_UISupportedInterfaceOrientations_iPhone = "UIInterfaceOrientationPortrait UIInterfaceOrientationLandscapeLeft UIInterfaceOrientationLandscapeRight";
				IPHONEOS_DEPLOYMENT_TARGET = 13.0;
				LD_RUNPATH_SEARCH_PATHS = (
					"$(inherited)",
					"@executable_path/Frameworks",
				);
				MARKETING_VERSION = 1.0;
				PRODUCT_BUNDLE_IDENTIFIER = "ntp.Netflix-Clone";
				PRODUCT_NAME = "$(TARGET_NAME)";
				SWIFT_EMIT_LOC_STRINGS = YES;
				SWIFT_VERSION = 5.0;
				TARGETED_DEVICE_FAMILY = "1,2";
			};
			name = Release;
		};
/* End XCBuildConfiguration section */

/* Begin XCConfigurationList section */
		87C160102C307ACB006B7752 /* Build configuration list for PBXProject "Netflix Clone" */ = {
			isa = XCConfigurationList;
			buildConfigurations = (
				87C160272C307ACC006B7752 /* Debug */,
				87C160282C307ACC006B7752 /* Release */,
			);
			defaultConfigurationIsVisible = 0;
			defaultConfigurationName = Release;
		};
		87C160292C307ACC006B7752 /* Build configuration list for PBXNativeTarget "Netflix Clone" */ = {
			isa = XCConfigurationList;
			buildConfigurations = (
				87C1602A2C307ACC006B7752 /* Debug */,
				87C1602B2C307ACC006B7752 /* Release */,
			);
			defaultConfigurationIsVisible = 0;
			defaultConfigurationName = Release;
		};
/* End XCConfigurationList section */

/* Begin XCRemoteSwiftPackageReference section */
		87C160482C30A8E4006B7752 /* XCRemoteSwiftPackageReference "SDWebImage" */ = {
			isa = XCRemoteSwiftPackageReference;
			repositoryURL = "https://github.com/SDWebImage/SDWebImage.git";
			requirement = {
				kind = upToNextMajorVersion;
				minimumVersion = 5.19.3;
			};
		};
/* End XCRemoteSwiftPackageReference section */

/* Begin XCSwiftPackageProductDependency section */
		87C160492C30A8E4006B7752 /* SDWebImage */ = {
			isa = XCSwiftPackageProductDependency;
			package = 87C160482C30A8E4006B7752 /* XCRemoteSwiftPackageReference "SDWebImage" */;
			productName = SDWebImage;
		};
		87C1604B2C30A8E4006B7752 /* SDWebImageMapKit */ = {
			isa = XCSwiftPackageProductDependency;
			package = 87C160482C30A8E4006B7752 /* XCRemoteSwiftPackageReference "SDWebImage" */;
			productName = SDWebImageMapKit;
		};
/* End XCSwiftPackageProductDependency section */

/* Begin XCVersionGroup section */
		87C1607E2C32B5DE006B7752 /* NetflixCloneModel.xcdatamodeld */ = {
			isa = XCVersionGroup;
			children = (
				87C1607F2C32B5DE006B7752 /* NetflixCloneModel.xcdatamodel */,
			);
			currentVersion = 87C1607F2C32B5DE006B7752 /* NetflixCloneModel.xcdatamodel */;
			name = NetflixCloneModel.xcdatamodeld;
			path = "/Users/nguyenphong/Documents/Swift/Netflix Clone/Netflix Clone/NetflixCloneModel.xcdatamodeld";
			sourceTree = "<group>";
			versionGroupType = wrapper.xcdatamodel;
		};
/* End XCVersionGroup section */
	};
	rootObject = 87C1600D2C307ACB006B7752 /* Project object */;
}
